
Microsoft Visual Studio Solution File, Format Version 12.00
# Visual Studio Version 16
VisualStudioVersion = 16.0.30204.135
MinimumVisualStudioVersion = 10.0.40219.1
Project("{FAE04EC0-301F-11D3-BF4B-00C04F79EFBC}") = "TrainTroops", "TrainTroops\TrainTroops.csproj", "{30AFE813-CA2C-4B29-B2C0-5ED78F46268E}"
EndProject
Global
	GlobalSection(SolutionConfigurationPlatforms) = preSolution
		Debug|Any CPU = Debug|Any CPU
		Release|Any CPU = Release|Any CPU
	EndGlobalSection
	GlobalSection(ProjectConfigurationPlatforms) = postSolution
		{30AFE813-CA2C-4B29-B2C0-5ED78F46268E}.Debug|Any CPU.ActiveCfg = Debug|Any CPU
		{30AFE813-CA2C-4B29-B2C0-5ED78F46268E}.Debug|Any CPU.Build.0 = Debug|Any CPU
		{30AFE813-CA2C-4B29-B2C0-5ED78F46268E}.Release|Any CPU.ActiveCfg = Release|Any CPU
		{30AFE813-CA2C-4B29-B2C0-5ED78F46268E}.Release|Any CPU.Build.0 = Release|Any CPU
	EndGlobalSection
	GlobalSection(SolutionProperties) = preSolution
		HideSolutionNode = FALSE
	EndGlobalSection
	GlobalSection(ExtensibilityGlobals) = postSolution
		SolutionGuid = {5FF09F1D-B188-4ACC-B9F7-9386203F4C43}
	EndGlobalSection
EndGlobal
